
Microsoft Visual Studio Solution File, Format Version 12.00
# Visual Studio 15
VisualStudioVersion = 15.0.27703.2000
MinimumVisualStudioVersion = 10.0.40219.1
Project("{FAE04EC0-301F-11D3-BF4B-00C04F79EFBC}") = "CareerCloud.Pocos", "CareerCloud.Pocos\CareerCloud.Pocos.csproj", "{74169826-E86A-4EBF-B910-6B8DDD4A620C}"
EndProject
Project("{FAE04EC0-301F-11D3-BF4B-00C04F79EFBC}") = "CareerCloud.DataAccessLayer", "CareerCloud.DataAccessLayer\CareerCloud.DataAccessLayer.csproj", "{C52350E2-7147-4373-92BD-40D9077C2DA1}"
EndProject
Project("{FAE04EC0-301F-11D3-BF4B-00C04F79EFBC}") = "CareerCloud.ADODataAccessLayer", "CareerCloud.ADODataAccessLayer\CareerCloud.ADODataAccessLayer.csproj", "{4DBCE3B0-1DD0-448A-A833-06B9AD686B47}"
EndProject
Project("{FAE04EC0-301F-11D3-BF4B-00C04F79EFBC}") = "CareerCloud.BusinessLogicLayer", "CareerCloud.BusinessLogicLayer\CareerCloud.BusinessLogicLayer.csproj", "{24D969CD-86FE-4FC0-B88A-930746FC3CB1}"
EndProject
Project("{FAE04EC0-301F-11D3-BF4B-00C04F79EFBC}") = "CareerCloud.UnitTests.Assignment3", "..\CareerCloud.UnitTests.Assignment3-master\CareerCloud.UnitTests.Assignment3\CareerCloud.UnitTests.Assignment3.csproj", "{2D394F6A-C67B-4127-895E-8F6812942AC5}"
EndProject
Global
	GlobalSection(SolutionConfigurationPlatforms) = preSolution
		Debug|Any CPU = Debug|Any CPU
		Release|Any CPU = Release|Any CPU
	EndGlobalSection
	GlobalSection(ProjectConfigurationPlatforms) = postSolution
		{74169826-E86A-4EBF-B910-6B8DDD4A620C}.Debug|Any CPU.ActiveCfg = Debug|Any CPU
		{74169826-E86A-4EBF-B910-6B8DDD4A620C}.Debug|Any CPU.Build.0 = Debug|Any CPU
		{74169826-E86A-4EBF-B910-6B8DDD4A620C}.Release|Any CPU.ActiveCfg = Release|Any CPU
		{74169826-E86A-4EBF-B910-6B8DDD4A620C}.Release|Any CPU.Build.0 = Release|Any CPU
		{C52350E2-7147-4373-92BD-40D9077C2DA1}.Debug|Any CPU.ActiveCfg = Debug|Any CPU
		{C52350E2-7147-4373-92BD-40D9077C2DA1}.Debug|Any CPU.Build.0 = Debug|Any CPU
		{C52350E2-7147-4373-92BD-40D9077C2DA1}.Release|Any CPU.ActiveCfg = Release|Any CPU
		{C52350E2-7147-4373-92BD-40D9077C2DA1}.Release|Any CPU.Build.0 = Release|Any CPU
		{4DBCE3B0-1DD0-448A-A833-06B9AD686B47}.Debug|Any CPU.ActiveCfg = Debug|Any CPU
		{4DBCE3B0-1DD0-448A-A833-06B9AD686B47}.Debug|Any CPU.Build.0 = Debug|Any CPU
		{4DBCE3B0-1DD0-448A-A833-06B9AD686B47}.Release|Any CPU.ActiveCfg = Release|Any CPU
		{4DBCE3B0-1DD0-448A-A833-06B9AD686B47}.Release|Any CPU.Build.0 = Release|Any CPU
		{24D969CD-86FE-4FC0-B88A-930746FC3CB1}.Debug|Any CPU.ActiveCfg = Debug|Any CPU
		{24D969CD-86FE-4FC0-B88A-930746FC3CB1}.Debug|Any CPU.Build.0 = Debug|Any CPU
		{24D969CD-86FE-4FC0-B88A-930746FC3CB1}.Release|Any CPU.ActiveCfg = Release|Any CPU
		{24D969CD-86FE-4FC0-B88A-930746FC3CB1}.Release|Any CPU.Build.0 = Release|Any CPU
		{2D394F6A-C67B-4127-895E-8F6812942AC5}.Debug|Any CPU.ActiveCfg = Debug|Any CPU
		{2D394F6A-C67B-4127-895E-8F6812942AC5}.Debug|Any CPU.Build.0 = Debug|Any CPU
		{2D394F6A-C67B-4127-895E-8F6812942AC5}.Release|Any CPU.ActiveCfg = Release|Any CPU
		{2D394F6A-C67B-4127-895E-8F6812942AC5}.Release|Any CPU.Build.0 = Release|Any CPU
	EndGlobalSection
	GlobalSection(SolutionProperties) = preSolution
		HideSolutionNode = FALSE
	EndGlobalSection
	GlobalSection(ExtensibilityGlobals) = postSolution
		SolutionGuid = {1C87DFCE-7FCB-4B4E-8542-825292092952}
	EndGlobalSection
EndGlobal
