
Microsoft Visual Studio Solution File, Format Version 12.00
# Visual Studio 15
VisualStudioVersion = 15.0.27703.2000
MinimumVisualStudioVersion = 10.0.40219.1
Project("{FAE04EC0-301F-11D3-BF4B-00C04F79EFBC}") = "CareerCloud.Pocos", "CareerCloud.Pocos\CareerCloud.Pocos.csproj", "{74169826-E86A-4EBF-B910-6B8DDD4A620C}"
EndProject
Project("{FAE04EC0-301F-11D3-BF4B-00C04F79EFBC}") = "CareerCloud.DataAccessLayer", "CareerCloud.DataAccessLayer\CareerCloud.DataAccessLayer.csproj", "{C52350E2-7147-4373-92BD-40D9077C2DA1}"
EndProject
Project("{FAE04EC0-301F-11D3-BF4B-00C04F79EFBC}") = "CareerCloud.ADODataAccessLayer", "CareerCloud.ADODataAccessLayer\CareerCloud.ADODataAccessLayer.csproj", "{4DBCE3B0-1DD0-448A-A833-06B9AD686B47}"
EndProject
Project("{FAE04EC0-301F-11D3-BF4B-00C04F79EFBC}") = "CareerCloud.BusinessLogicLayer", "CareerCloud.BusinessLogicLayer\CareerCloud.BusinessLogicLayer.csproj", "{24D969CD-86FE-4FC0-B88A-930746FC3CB1}"
EndProject
Project("{FAE04EC0-301F-11D3-BF4B-00C04F79EFBC}") = "CareerCloud.EntityFrameworkDataAccess", "CareerCloud.EntityFrameworkDataAccess\CareerCloud.EntityFrameworkDataAccess.csproj", "{9B841939-69F6-4AD5-843B-03A04BEF676B}"
EndProject
Project("{FAE04EC0-301F-11D3-BF4B-00C04F79EFBC}") = "CareerCloud.WCF", "CareerCloud.WCF\CareerCloud.WCF.csproj", "{43D94265-3674-4606-A9D1-62187C1EEA39}"
EndProject
Project("{FAE04EC0-301F-11D3-BF4B-00C04F79EFBC}") = "CareerCloud.WebAPI", "CareerCloud.WebAPI\CareerCloud.WebAPI.csproj", "{79FF275B-CAE1-409D-8460-FB6EFA2D6917}"
EndProject
Project("{FAE04EC0-301F-11D3-BF4B-00C04F79EFBC}") = "CareerCloudMVC", "CareerCloudMVC\CareerCloudMVC.csproj", "{2BA17AC6-62C9-413C-8C41-031EA8C6CC80}"
EndProject
Global
	GlobalSection(SolutionConfigurationPlatforms) = preSolution
		Debug|Any CPU = Debug|Any CPU
		Release|Any CPU = Release|Any CPU
	EndGlobalSection
	GlobalSection(ProjectConfigurationPlatforms) = postSolution
		{74169826-E86A-4EBF-B910-6B8DDD4A620C}.Debug|Any CPU.ActiveCfg = Debug|Any CPU
		{74169826-E86A-4EBF-B910-6B8DDD4A620C}.Debug|Any CPU.Build.0 = Debug|Any CPU
		{74169826-E86A-4EBF-B910-6B8DDD4A620C}.Release|Any CPU.ActiveCfg = Release|Any CPU
		{74169826-E86A-4EBF-B910-6B8DDD4A620C}.Release|Any CPU.Build.0 = Release|Any CPU
		{C52350E2-7147-4373-92BD-40D9077C2DA1}.Debug|Any CPU.ActiveCfg = Debug|Any CPU
		{C52350E2-7147-4373-92BD-40D9077C2DA1}.Debug|Any CPU.Build.0 = Debug|Any CPU
		{C52350E2-7147-4373-92BD-40D9077C2DA1}.Release|Any CPU.ActiveCfg = Release|Any CPU
		{C52350E2-7147-4373-92BD-40D9077C2DA1}.Release|Any CPU.Build.0 = Release|Any CPU
		{4DBCE3B0-1DD0-448A-A833-06B9AD686B47}.Debug|Any CPU.ActiveCfg = Debug|Any CPU
		{4DBCE3B0-1DD0-448A-A833-06B9AD686B47}.Debug|Any CPU.Build.0 = Debug|Any CPU
		{4DBCE3B0-1DD0-448A-A833-06B9AD686B47}.Release|Any CPU.ActiveCfg = Release|Any CPU
		{4DBCE3B0-1DD0-448A-A833-06B9AD686B47}.Release|Any CPU.Build.0 = Release|Any CPU
		{24D969CD-86FE-4FC0-B88A-930746FC3CB1}.Debug|Any CPU.ActiveCfg = Debug|Any CPU
		{24D969CD-86FE-4FC0-B88A-930746FC3CB1}.Debug|Any CPU.Build.0 = Debug|Any CPU
		{24D969CD-86FE-4FC0-B88A-930746FC3CB1}.Release|Any CPU.ActiveCfg = Release|Any CPU
		{24D969CD-86FE-4FC0-B88A-930746FC3CB1}.Release|Any CPU.Build.0 = Release|Any CPU
		{9B841939-69F6-4AD5-843B-03A04BEF676B}.Debug|Any CPU.ActiveCfg = Debug|Any CPU
		{9B841939-69F6-4AD5-843B-03A04BEF676B}.Debug|Any CPU.Build.0 = Debug|Any CPU
		{9B841939-69F6-4AD5-843B-03A04BEF676B}.Release|Any CPU.ActiveCfg = Release|Any CPU
		{9B841939-69F6-4AD5-843B-03A04BEF676B}.Release|Any CPU.Build.0 = Release|Any CPU
		{43D94265-3674-4606-A9D1-62187C1EEA39}.Debug|Any CPU.ActiveCfg = Debug|Any CPU
		{43D94265-3674-4606-A9D1-62187C1EEA39}.Debug|Any CPU.Build.0 = Debug|Any CPU
		{43D94265-3674-4606-A9D1-62187C1EEA39}.Release|Any CPU.ActiveCfg = Release|Any CPU
		{43D94265-3674-4606-A9D1-62187C1EEA39}.Release|Any CPU.Build.0 = Release|Any CPU
		{79FF275B-CAE1-409D-8460-FB6EFA2D6917}.Debug|Any CPU.ActiveCfg = Debug|Any CPU
		{79FF275B-CAE1-409D-8460-FB6EFA2D6917}.Debug|Any CPU.Build.0 = Debug|Any CPU
		{79FF275B-CAE1-409D-8460-FB6EFA2D6917}.Release|Any CPU.ActiveCfg = Release|Any CPU
		{79FF275B-CAE1-409D-8460-FB6EFA2D6917}.Release|Any CPU.Build.0 = Release|Any CPU
		{2BA17AC6-62C9-413C-8C41-031EA8C6CC80}.Debug|Any CPU.ActiveCfg = Debug|Any CPU
		{2BA17AC6-62C9-413C-8C41-031EA8C6CC80}.Debug|Any CPU.Build.0 = Debug|Any CPU
		{2BA17AC6-62C9-413C-8C41-031EA8C6CC80}.Release|Any CPU.ActiveCfg = Release|Any CPU
		{2BA17AC6-62C9-413C-8C41-031EA8C6CC80}.Release|Any CPU.Build.0 = Release|Any CPU
	EndGlobalSection
	GlobalSection(SolutionProperties) = preSolution
		HideSolutionNode = FALSE
	EndGlobalSection
	GlobalSection(ExtensibilityGlobals) = postSolution
		SolutionGuid = {1C87DFCE-7FCB-4B4E-8542-825292092952}
	EndGlobalSection
EndGlobal
